PODS:
  - Alamofire (4.4.0)
  - BarcodeScanner (2.0.0)
  - M13Checkbox (3.1.3)
  - Pageboy (1.1.0)
  - Pastel (0.3.0)
  - PureLayout (3.0.2)
  - SwiftyJSON (3.1.4)
  - Tabman (0.5.2):
    - Pageboy (= 1.1.0)
    - PureLayout (~> 3.0.0)

DEPENDENCIES:
  - Alamofire
  - BarcodeScanner
  - M13Checkbox
  - Pastel
  - SwiftyJSON (from `https://github.com/SwiftyJSON/SwiftyJSON.git`)
  - Tabman

EXTERNAL SOURCES:
  SwiftyJSON:
    :git: https://github.com/SwiftyJSON/SwiftyJSON.git

CHECKOUT OPTIONS:
  SwiftyJSON:
    :commit: d932f6498b9acdd286e65ff6691c3dd3518b086e
    :git: https://github.com/SwiftyJSON/SwiftyJSON.git

SPEC CHECKSUMS:
  Alamofire: dc44b1600b800eb63da6a19039a0083d62a6a62d
  BarcodeScanner: 266ab4b479d407b74bc4b473fa5020b4523ad9e3
  M13Checkbox: c132a7e0eb964731855eff67b883a0b21b7c0977
  Pageboy: 148f353304deb45dda732863aebd2bb575426e8b
  Pastel: 738740c84f2b15bbcd96ebe99c4e6c2f5dd42262
  PureLayout: 4d550abe49a94f24c2808b9b95db9131685fe4cd
  SwiftyJSON: 05cf0e98a950e2ba343735264f5a96b81e755d00
  Tabman: f25dc5456b98e8738177d98a6cb540d5d21fed35

PODFILE CHECKSUM: 5d0d77ed2260da341cb4df39f603700f0128e82d

COCOAPODS: 1.2.1
