// !$*UTF8*$!
{
	archiveVersion = 1;
	classes = {
	};
	objectVersion = 46;
	objects = {

/* Begin PBXBuildFile section */
		2ED8F6C9A37FD660C0FE5799 /* Pods_SuiteLife.framework in Frameworks */ = {isa = PBXBuildFile; fileRef = 8D8BC47FF8C6514AAAD2E1DF /* Pods_SuiteLife.framework */; };
		CB11F81D1F045856006A449B /* EditArrayOfPropertiesViewController.swift in Sources */ = {isa = PBXBuildFile; fileRef = CB11F81C1F045856006A449B /* EditArrayOfPropertiesViewController.swift */; };
		CB1633111EFDB56E00533D59 /* PriceHelper.swift in Sources */ = {isa = PBXBuildFile; fileRef = CB1633101EFDB56E00533D59 /* PriceHelper.swift */; };
		CB1633131EFDC89E00533D59 /* User.swift in Sources */ = {isa = PBXBuildFile; fileRef = CB1633121EFDC89E00533D59 /* User.swift */; };
		CB1633151EFDCA1B00533D59 /* IOUTableViewCell.swift in Sources */ = {isa = PBXBuildFile; fileRef = CB1633141EFDCA1B00533D59 /* IOUTableViewCell.swift */; };
		CB24CEC41F06EF800044044C /* EditGroupViewController.swift in Sources */ = {isa = PBXBuildFile; fileRef = CB24CEC31F06EF800044044C /* EditGroupViewController.swift */; };
		CB276F7E1EFC741B00BB3120 /* IOUViewController.swift in Sources */ = {isa = PBXBuildFile; fileRef = CB276F7D1EFC741B00BB3120 /* IOUViewController.swift */; };
		CB309D6A1F0EEF7200C1DC72 /* DebtHelper.swift in Sources */ = {isa = PBXBuildFile; fileRef = CB309D691F0EEF7200C1DC72 /* DebtHelper.swift */; };
		CB3B42D71EF84ABD0006B9F4 /* Money.swift in Sources */ = {isa = PBXBuildFile; fileRef = CB3B42D61EF84ABD0006B9F4 /* Money.swift */; };
		CB3C90361F13E50200CA8520 /* ScanViewController.swift in Sources */ = {isa = PBXBuildFile; fileRef = CB3C90351F13E50200CA8520 /* ScanViewController.swift */; };
		CB43B6FD1F05A34D00C0A46F /* FetchUserTableViewController.swift in Sources */ = {isa = PBXBuildFile; fileRef = CB43B6FC1F05A34D00C0A46F /* FetchUserTableViewController.swift */; };
		CB43B6FF1F05A3A900C0A46F /* UserNameAndHandleTableViewCell.swift in Sources */ = {isa = PBXBuildFile; fileRef = CB43B6FE1F05A3A900C0A46F /* UserNameAndHandleTableViewCell.swift */; };
		CB43B7011F05A5E300C0A46F /* UserWithCash.swift in Sources */ = {isa = PBXBuildFile; fileRef = CB43B7001F05A5E300C0A46F /* UserWithCash.swift */; };
		CB43B7031F05AADC00C0A46F /* FetchUserInputTableViewCell.swift in Sources */ = {isa = PBXBuildFile; fileRef = CB43B7021F05AADC00C0A46F /* FetchUserInputTableViewCell.swift */; };
		CB44B9D91EF19C1F0063D9EE /* InventoryTableViewController.swift in Sources */ = {isa = PBXBuildFile; fileRef = CB44B9D81EF19C1F0063D9EE /* InventoryTableViewController.swift */; };
		CB44B9DB1EF19EE10063D9EE /* InventoryTableViewCell.swift in Sources */ = {isa = PBXBuildFile; fileRef = CB44B9DA1EF19EE10063D9EE /* InventoryTableViewCell.swift */; };
		CB44B9DF1EF1A5380063D9EE /* ListPantryTabViewController.swift in Sources */ = {isa = PBXBuildFile; fileRef = CB44B9DE1EF1A5380063D9EE /* ListPantryTabViewController.swift */; };
		CB453EBD1F0EFAF700F56C36 /* oie_fS0SIrOjqtL3.png in Resources */ = {isa = PBXBuildFile; fileRef = CB453EBC1F0EFAF700F56C36 /* oie_fS0SIrOjqtL3.png */; };
		CB499B3B1EF84B8A00B60AC3 /* SignInViewController.swift in Sources */ = {isa = PBXBuildFile; fileRef = CB499B3A1EF84B8A00B60AC3 /* SignInViewController.swift */; };
		CB499B3D1EF8637400B60AC3 /* SettingsTableViewController.swift in Sources */ = {isa = PBXBuildFile; fileRef = CB499B3C1EF8637400B60AC3 /* SettingsTableViewController.swift */; };
		CB4B7A8A1F040F5000C41DB2 /* PantryDataModel.swift in Sources */ = {isa = PBXBuildFile; fileRef = CB4B7A891F040F5000C41DB2 /* PantryDataModel.swift */; };
		CB573A401EF99DB600ECCFDA /* ListPantryDataModel.swift in Sources */ = {isa = PBXBuildFile; fileRef = CB573A3F1EF99DB600ECCFDA /* ListPantryDataModel.swift */; };
		CB577BDD1EEF4AA700903EE9 /* AppDelegate.swift in Sources */ = {isa = PBXBuildFile; fileRef = CB577BDC1EEF4AA700903EE9 /* AppDelegate.swift */; };
		CB577BE21EEF4AA700903EE9 /* Main.storyboard in Resources */ = {isa = PBXBuildFile; fileRef = CB577BE01EEF4AA700903EE9 /* Main.storyboard */; };
		CB577BE41EEF4AA700903EE9 /* Assets.xcassets in Resources */ = {isa = PBXBuildFile; fileRef = CB577BE31EEF4AA700903EE9 /* Assets.xcassets */; };
		CB577BE71EEF4AA700903EE9 /* LaunchScreen.storyboard in Resources */ = {isa = PBXBuildFile; fileRef = CB577BE51EEF4AA700903EE9 /* LaunchScreen.storyboard */; };
		CB6E04841F06B3A30056C0A7 /* SearchUsersViewController.swift in Sources */ = {isa = PBXBuildFile; fileRef = CB6E04831F06B3A30056C0A7 /* SearchUsersViewController.swift */; };
		CB728E5A1EF05D5300F76321 /* Item.swift in Sources */ = {isa = PBXBuildFile; fileRef = CB728E591EF05D5300F76321 /* Item.swift */; };
		CB728E661EF0A7DE00F76321 /* ListPantryViewController.swift in Sources */ = {isa = PBXBuildFile; fileRef = CB728E651EF0A7DE00F76321 /* ListPantryViewController.swift */; };
		CB728E681EF0B10400F76321 /* PantryTableViewCell.swift in Sources */ = {isa = PBXBuildFile; fileRef = CB728E671EF0B10400F76321 /* PantryTableViewCell.swift */; };
		CB728E6A1EF0B12000F76321 /* PantryTableViewController.swift in Sources */ = {isa = PBXBuildFile; fileRef = CB728E691EF0B12000F76321 /* PantryTableViewController.swift */; };
		CB749F1D1F14243100227E07 /* NewAccountViewController.swift in Sources */ = {isa = PBXBuildFile; fileRef = CB749F1C1F14243100227E07 /* NewAccountViewController.swift */; };
		CBA239E91F01796400006155 /* GoogleService-Info.plist in Resources */ = {isa = PBXBuildFile; fileRef = CBA239E81F01796400006155 /* GoogleService-Info.plist */; };
		CBA239ED1F01C1E000006155 /* EditSinglePropertyTableViewController.swift in Sources */ = {isa = PBXBuildFile; fileRef = CBA239EC1F01C1E000006155 /* EditSinglePropertyTableViewController.swift */; };
		CBA5CCFA1F0D83B2003FEFB9 /* GroupsViewController.swift in Sources */ = {isa = PBXBuildFile; fileRef = CBA5CCF91F0D83B2003FEFB9 /* GroupsViewController.swift */; };
		CBA5CCFC1F0D84F8003FEFB9 /* Group.swift in Sources */ = {isa = PBXBuildFile; fileRef = CBA5CCFB1F0D84F8003FEFB9 /* Group.swift */; };
		CBA5CCFE1F0D9237003FEFB9 /* GroupsTableViewCell.swift in Sources */ = {isa = PBXBuildFile; fileRef = CBA5CCFD1F0D9237003FEFB9 /* GroupsTableViewCell.swift */; };
		CBC25F481EF499E400BAF68C /* BarcodeScannerViewController.swift in Sources */ = {isa = PBXBuildFile; fileRef = CBC25F471EF499E400BAF68C /* BarcodeScannerViewController.swift */; };
/* End PBXBuildFile section */

/* Begin PBXFileReference section */
		458A92D14D03CA1FBF9E629C /* Pods-SuiteLife.debug.xcconfig */ = {isa = PBXFileReference; includeInIndex = 1; lastKnownFileType = text.xcconfig; name = "Pods-SuiteLife.debug.xcconfig"; path = "Pods/Target Support Files/Pods-SuiteLife/Pods-SuiteLife.debug.xcconfig"; sourceTree = "<group>"; };
		817DFD56C089B6817A8880F0 /* Pods-SuiteLife.release.xcconfig */ = {isa = PBXFileReference; includeInIndex = 1; lastKnownFileType = text.xcconfig; name = "Pods-SuiteLife.release.xcconfig"; path = "Pods/Target Support Files/Pods-SuiteLife/Pods-SuiteLife.release.xcconfig"; sourceTree = "<group>"; };
		8D8BC47FF8C6514AAAD2E1DF /* Pods_SuiteLife.framework */ = {isa = PBXFileReference; explicitFileType = wrapper.framework; includeInIndex = 0; path = Pods_SuiteLife.framework; sourceTree = BUILT_PRODUCTS_DIR; };
		CB11F81C1F045856006A449B /* EditArrayOfPropertiesViewController.swift */ = {isa = PBXFileReference; fileEncoding = 4; lastKnownFileType = sourcecode.swift; path = EditArrayOfPropertiesViewController.swift; sourceTree = "<group>"; };
		CB1633101EFDB56E00533D59 /* PriceHelper.swift */ = {isa = PBXFileReference; fileEncoding = 4; lastKnownFileType = sourcecode.swift; path = PriceHelper.swift; sourceTree = "<group>"; };
		CB1633121EFDC89E00533D59 /* User.swift */ = {isa = PBXFileReference; fileEncoding = 4; lastKnownFileType = sourcecode.swift; path = User.swift; sourceTree = "<group>"; };
		CB1633141EFDCA1B00533D59 /* IOUTableViewCell.swift */ = {isa = PBXFileReference; fileEncoding = 4; lastKnownFileType = sourcecode.swift; path = IOUTableViewCell.swift; sourceTree = "<group>"; };
		CB24CEC31F06EF800044044C /* EditGroupViewController.swift */ = {isa = PBXFileReference; fileEncoding = 4; lastKnownFileType = sourcecode.swift; path = EditGroupViewController.swift; sourceTree = "<group>"; };
		CB276F7D1EFC741B00BB3120 /* IOUViewController.swift */ = {isa = PBXFileReference; fileEncoding = 4; lastKnownFileType = sourcecode.swift; path = IOUViewController.swift; sourceTree = "<group>"; };
		CB309D691F0EEF7200C1DC72 /* DebtHelper.swift */ = {isa = PBXFileReference; fileEncoding = 4; lastKnownFileType = sourcecode.swift; path = DebtHelper.swift; sourceTree = "<group>"; };
		CB3B42D61EF84ABD0006B9F4 /* Money.swift */ = {isa = PBXFileReference; fileEncoding = 4; lastKnownFileType = sourcecode.swift; path = Money.swift; sourceTree = "<group>"; };
		CB3C90351F13E50200CA8520 /* ScanViewController.swift */ = {isa = PBXFileReference; fileEncoding = 4; lastKnownFileType = sourcecode.swift; path = ScanViewController.swift; sourceTree = "<group>"; };
		CB43B6FC1F05A34D00C0A46F /* FetchUserTableViewController.swift */ = {isa = PBXFileReference; fileEncoding = 4; lastKnownFileType = sourcecode.swift; path = FetchUserTableViewController.swift; sourceTree = "<group>"; };
		CB43B6FE1F05A3A900C0A46F /* UserNameAndHandleTableViewCell.swift */ = {isa = PBXFileReference; fileEncoding = 4; lastKnownFileType = sourcecode.swift; path = UserNameAndHandleTableViewCell.swift; sourceTree = "<group>"; };
		CB43B7001F05A5E300C0A46F /* UserWithCash.swift */ = {isa = PBXFileReference; fileEncoding = 4; lastKnownFileType = sourcecode.swift; path = UserWithCash.swift; sourceTree = "<group>"; };
		CB43B7021F05AADC00C0A46F /* FetchUserInputTableViewCell.swift */ = {isa = PBXFileReference; fileEncoding = 4; lastKnownFileType = sourcecode.swift; path = FetchUserInputTableViewCell.swift; sourceTree = "<group>"; };
		CB44B9D81EF19C1F0063D9EE /* InventoryTableViewController.swift */ = {isa = PBXFileReference; fileEncoding = 4; lastKnownFileType = sourcecode.swift; path = InventoryTableViewController.swift; sourceTree = "<group>"; };
		CB44B9DA1EF19EE10063D9EE /* InventoryTableViewCell.swift */ = {isa = PBXFileReference; fileEncoding = 4; lastKnownFileType = sourcecode.swift; path = InventoryTableViewCell.swift; sourceTree = "<group>"; };
		CB44B9DE1EF1A5380063D9EE /* ListPantryTabViewController.swift */ = {isa = PBXFileReference; fileEncoding = 4; lastKnownFileType = sourcecode.swift; path = ListPantryTabViewController.swift; sourceTree = "<group>"; };
		CB453EBC1F0EFAF700F56C36 /* oie_fS0SIrOjqtL3.png */ = {isa = PBXFileReference; lastKnownFileType = image.png; path = oie_fS0SIrOjqtL3.png; sourceTree = "<group>"; };
		CB499B391EF847B800B60AC3 /* SuiteLife-Bridging-Header.h */ = {isa = PBXFileReference; lastKnownFileType = sourcecode.c.h; path = "SuiteLife-Bridging-Header.h"; sourceTree = "<group>"; };
		CB499B3A1EF84B8A00B60AC3 /* SignInViewController.swift */ = {isa = PBXFileReference; fileEncoding = 4; lastKnownFileType = sourcecode.swift; path = SignInViewController.swift; sourceTree = "<group>"; };
		CB499B3C1EF8637400B60AC3 /* SettingsTableViewController.swift */ = {isa = PBXFileReference; fileEncoding = 4; lastKnownFileType = sourcecode.swift; path = SettingsTableViewController.swift; sourceTree = "<group>"; };
		CB4B7A891F040F5000C41DB2 /* PantryDataModel.swift */ = {isa = PBXFileReference; fileEncoding = 4; lastKnownFileType = sourcecode.swift; path = PantryDataModel.swift; sourceTree = "<group>"; };
		CB573A3F1EF99DB600ECCFDA /* ListPantryDataModel.swift */ = {isa = PBXFileReference; fileEncoding = 4; lastKnownFileType = sourcecode.swift; path = ListPantryDataModel.swift; sourceTree = "<group>"; };
		CB577BD91EEF4AA700903EE9 /* SuiteLife.app */ = {isa = PBXFileReference; explicitFileType = wrapper.application; includeInIndex = 0; path = SuiteLife.app; sourceTree = BUILT_PRODUCTS_DIR; };
		CB577BDC1EEF4AA700903EE9 /* AppDelegate.swift */ = {isa = PBXFileReference; lastKnownFileType = sourcecode.swift; path = AppDelegate.swift; sourceTree = "<group>"; };
		CB577BE11EEF4AA700903EE9 /* Base */ = {isa = PBXFileReference; lastKnownFileType = file.storyboard; name = Base; path = Base.lproj/Main.storyboard; sourceTree = "<group>"; };
		CB577BE31EEF4AA700903EE9 /* Assets.xcassets */ = {isa = PBXFileReference; lastKnownFileType = folder.assetcatalog; path = Assets.xcassets; sourceTree = "<group>"; };
		CB577BE61EEF4AA700903EE9 /* Base */ = {isa = PBXFileReference; lastKnownFileType = file.storyboard; name = Base; path = Base.lproj/LaunchScreen.storyboard; sourceTree = "<group>"; };
		CB577BE81EEF4AA700903EE9 /* Info.plist */ = {isa = PBXFileReference; lastKnownFileType = text.plist.xml; path = Info.plist; sourceTree = "<group>"; };
		CB6E04831F06B3A30056C0A7 /* SearchUsersViewController.swift */ = {isa = PBXFileReference; fileEncoding = 4; lastKnownFileType = sourcecode.swift; path = SearchUsersViewController.swift; sourceTree = "<group>"; };
		CB728E591EF05D5300F76321 /* Item.swift */ = {isa = PBXFileReference; fileEncoding = 4; lastKnownFileType = sourcecode.swift; path = Item.swift; sourceTree = "<group>"; };
		CB728E651EF0A7DE00F76321 /* ListPantryViewController.swift */ = {isa = PBXFileReference; fileEncoding = 4; lastKnownFileType = sourcecode.swift; path = ListPantryViewController.swift; sourceTree = "<group>"; };
		CB728E671EF0B10400F76321 /* PantryTableViewCell.swift */ = {isa = PBXFileReference; fileEncoding = 4; lastKnownFileType = sourcecode.swift; path = PantryTableViewCell.swift; sourceTree = "<group>"; };
		CB728E691EF0B12000F76321 /* PantryTableViewController.swift */ = {isa = PBXFileReference; fileEncoding = 4; lastKnownFileType = sourcecode.swift; path = PantryTableViewController.swift; sourceTree = "<group>"; };
		CB749F1C1F14243100227E07 /* NewAccountViewController.swift */ = {isa = PBXFileReference; fileEncoding = 4; lastKnownFileType = sourcecode.swift; path = NewAccountViewController.swift; sourceTree = "<group>"; };
		CBA239E81F01796400006155 /* GoogleService-Info.plist */ = {isa = PBXFileReference; fileEncoding = 4; lastKnownFileType = text.plist.xml; path = "GoogleService-Info.plist"; sourceTree = SOURCE_ROOT; };
		CBA239EC1F01C1E000006155 /* EditSinglePropertyTableViewController.swift */ = {isa = PBXFileReference; fileEncoding = 4; lastKnownFileType = sourcecode.swift; path = EditSinglePropertyTableViewController.swift; sourceTree = "<group>"; };
		CBA5CCF91F0D83B2003FEFB9 /* GroupsViewController.swift */ = {isa = PBXFileReference; fileEncoding = 4; lastKnownFileType = sourcecode.swift; path = GroupsViewController.swift; sourceTree = "<group>"; };
		CBA5CCFB1F0D84F8003FEFB9 /* Group.swift */ = {isa = PBXFileReference; fileEncoding = 4; lastKnownFileType = sourcecode.swift; path = Group.swift; sourceTree = "<group>"; };
		CBA5CCFD1F0D9237003FEFB9 /* GroupsTableViewCell.swift */ = {isa = PBXFileReference; fileEncoding = 4; lastKnownFileType = sourcecode.swift; path = GroupsTableViewCell.swift; sourceTree = "<group>"; };
		CBC25F471EF499E400BAF68C /* BarcodeScannerViewController.swift */ = {isa = PBXFileReference; fileEncoding = 4; lastKnownFileType = sourcecode.swift; path = BarcodeScannerViewController.swift; sourceTree = "<group>"; };
/* End PBXFileReference section */

/* Begin PBXFrameworksBuildPhase section */
		CB577BD61EEF4AA700903EE9 /* Frameworks */ = {
			isa = PBXFrameworksBuildPhase;
			buildActionMask = 2147483647;
			files = (
				2ED8F6C9A37FD660C0FE5799 /* Pods_SuiteLife.framework in Frameworks */,
			);
			runOnlyForDeploymentPostprocessing = 0;
		};
/* End PBXFrameworksBuildPhase section */

/* Begin PBXGroup section */
		2EE58D3A6E43698907F7FFE5 /* Pods */ = {
			isa = PBXGroup;
			children = (
				458A92D14D03CA1FBF9E629C /* Pods-SuiteLife.debug.xcconfig */,
				817DFD56C089B6817A8880F0 /* Pods-SuiteLife.release.xcconfig */,
			);
			name = Pods;
			sourceTree = "<group>";
		};
		6ABE1158E2368C1EE0EFAA7E /* Frameworks */ = {
			isa = PBXGroup;
			children = (
				8D8BC47FF8C6514AAAD2E1DF /* Pods_SuiteLife.framework */,
			);
			name = Frameworks;
			sourceTree = "<group>";
		};
		CB453EBB1F0EFACA00F56C36 /* UI Resources */ = {
			isa = PBXGroup;
			children = (
				CB453EBC1F0EFAF700F56C36 /* oie_fS0SIrOjqtL3.png */,
			);
			name = "UI Resources";
			sourceTree = "<group>";
		};
		CB577BD01EEF4AA700903EE9 = {
			isa = PBXGroup;
			children = (
				CB577BDB1EEF4AA700903EE9 /* SuiteLife */,
				CB577BDA1EEF4AA700903EE9 /* Products */,
				2EE58D3A6E43698907F7FFE5 /* Pods */,
				6ABE1158E2368C1EE0EFAA7E /* Frameworks */,
				CB453EBB1F0EFACA00F56C36 /* UI Resources */,
			);
			sourceTree = "<group>";
		};
		CB577BDA1EEF4AA700903EE9 /* Products */ = {
			isa = PBXGroup;
			children = (
				CB577BD91EEF4AA700903EE9 /* SuiteLife.app */,
			);
			name = Products;
			sourceTree = "<group>";
		};
		CB577BDB1EEF4AA700903EE9 /* SuiteLife */ = {
			isa = PBXGroup;
			children = (
				CB9BFC471EFC6C23009F21FA /* Controllers */,
				CB9BFC461EFC6C13009F21FA /* Storyboards */,
				CB9BFC441EFC6BDF009F21FA /* Models */,
				CB577BE31EEF4AA700903EE9 /* Assets.xcassets */,
				CB499B391EF847B800B60AC3 /* SuiteLife-Bridging-Header.h */,
				CB9BFC451EFC6BFF009F21FA /* plist */,
				CB9BFC491EFC6CBB009F21FA /* Deprecated */,
			);
			path = SuiteLife;
			sourceTree = "<group>";
		};
		CB9BFC441EFC6BDF009F21FA /* Models */ = {
			isa = PBXGroup;
			children = (
				CB3B42D61EF84ABD0006B9F4 /* Money.swift */,
				CB728E591EF05D5300F76321 /* Item.swift */,
				CB573A3F1EF99DB600ECCFDA /* ListPantryDataModel.swift */,
				CB1633121EFDC89E00533D59 /* User.swift */,
				CB43B7001F05A5E300C0A46F /* UserWithCash.swift */,
				CBA5CCFB1F0D84F8003FEFB9 /* Group.swift */,
			);
			name = Models;
			sourceTree = "<group>";
		};
		CB9BFC451EFC6BFF009F21FA /* plist */ = {
			isa = PBXGroup;
			children = (
				CB577BE81EEF4AA700903EE9 /* Info.plist */,
				CBA239E81F01796400006155 /* GoogleService-Info.plist */,
			);
			name = plist;
			sourceTree = "<group>";
		};
		CB9BFC461EFC6C13009F21FA /* Storyboards */ = {
			isa = PBXGroup;
			children = (
				CB577BE01EEF4AA700903EE9 /* Main.storyboard */,
				CB577BE51EEF4AA700903EE9 /* LaunchScreen.storyboard */,
			);
			name = Storyboards;
			sourceTree = "<group>";
		};
		CB9BFC471EFC6C23009F21FA /* Controllers */ = {
			isa = PBXGroup;
			children = (
				CB577BDC1EEF4AA700903EE9 /* AppDelegate.swift */,
				CB499B3A1EF84B8A00B60AC3 /* SignInViewController.swift */,
				CB749F1C1F14243100227E07 /* NewAccountViewController.swift */,
				CB9BFC481EFC6C42009F21FA /* List/Pantry Tab */,
				CBC25F471EF499E400BAF68C /* BarcodeScannerViewController.swift */,
				CB3C90351F13E50200CA8520 /* ScanViewController.swift */,
				CB499B3C1EF8637400B60AC3 /* SettingsTableViewController.swift */,
				CB276F7D1EFC741B00BB3120 /* IOUViewController.swift */,
				CB1633141EFDCA1B00533D59 /* IOUTableViewCell.swift */,
				CBA239EC1F01C1E000006155 /* EditSinglePropertyTableViewController.swift */,
				CB11F81C1F045856006A449B /* EditArrayOfPropertiesViewController.swift */,
				CBA5CCFF1F0DAD91003FEFB9 /* Groups */,
			);
			name = Controllers;
			sourceTree = "<group>";
		};
		CB9BFC481EFC6C42009F21FA /* List/Pantry Tab */ = {
			isa = PBXGroup;
			children = (
				CB44B9DE1EF1A5380063D9EE /* ListPantryTabViewController.swift */,
				CB44B9D81EF19C1F0063D9EE /* InventoryTableViewController.swift */,
				CB44B9DA1EF19EE10063D9EE /* InventoryTableViewCell.swift */,
				CB1633101EFDB56E00533D59 /* PriceHelper.swift */,
				CB309D691F0EEF7200C1DC72 /* DebtHelper.swift */,
			);
			name = "List/Pantry Tab";
			sourceTree = "<group>";
		};
		CB9BFC491EFC6CBB009F21FA /* Deprecated */ = {
			isa = PBXGroup;
			children = (
				CB43B6FC1F05A34D00C0A46F /* FetchUserTableViewController.swift */,
				CB43B7021F05AADC00C0A46F /* FetchUserInputTableViewCell.swift */,
				CB728E691EF0B12000F76321 /* PantryTableViewController.swift */,
				CB4B7A891F040F5000C41DB2 /* PantryDataModel.swift */,
				CB728E651EF0A7DE00F76321 /* ListPantryViewController.swift */,
				CB728E671EF0B10400F76321 /* PantryTableViewCell.swift */,
			);
			name = Deprecated;
			sourceTree = "<group>";
		};
		CBA5CCFF1F0DAD91003FEFB9 /* Groups */ = {
			isa = PBXGroup;
			children = (
				CB24CEC31F06EF800044044C /* EditGroupViewController.swift */,
				CBA5CCF91F0D83B2003FEFB9 /* GroupsViewController.swift */,
				CBA5CCFD1F0D9237003FEFB9 /* GroupsTableViewCell.swift */,
				CB6E04831F06B3A30056C0A7 /* SearchUsersViewController.swift */,
				CB43B6FE1F05A3A900C0A46F /* UserNameAndHandleTableViewCell.swift */,
			);
			name = Groups;
			sourceTree = "<group>";
		};
/* End PBXGroup section */

/* Begin PBXNativeTarget section */
		CB577BD81EEF4AA700903EE9 /* SuiteLife */ = {
			isa = PBXNativeTarget;
			buildConfigurationList = CB577BEB1EEF4AA700903EE9 /* Build configuration list for PBXNativeTarget "SuiteLife" */;
			buildPhases = (
				E67BC4C2CF69A0F80943169F /* [CP] Check Pods Manifest.lock */,
				CB577BD51EEF4AA700903EE9 /* Sources */,
				CB577BD61EEF4AA700903EE9 /* Frameworks */,
				CB577BD71EEF4AA700903EE9 /* Resources */,
				2F42DF1B84331E9C0C338DA0 /* [CP] Embed Pods Frameworks */,
				92FC6A34D3117051B3C99BC1 /* [CP] Copy Pods Resources */,
			);
			buildRules = (
			);
			dependencies = (
			);
			name = SuiteLife;
			productName = SuiteLife;
			productReference = CB577BD91EEF4AA700903EE9 /* SuiteLife.app */;
			productType = "com.apple.product-type.application";
		};
/* End PBXNativeTarget section */

/* Begin PBXProject section */
		CB577BD11EEF4AA700903EE9 /* Project object */ = {
			isa = PBXProject;
			attributes = {
				LastSwiftUpdateCheck = 0830;
				LastUpgradeCheck = 0830;
				ORGANIZATIONNAME = cssummer17;
				TargetAttributes = {
					CB577BD81EEF4AA700903EE9 = {
						CreatedOnToolsVersion = 8.3.3;
						DevelopmentTeam = 66W5UQXAS2;
						ProvisioningStyle = Automatic;
					};
				};
			};
			buildConfigurationList = CB577BD41EEF4AA700903EE9 /* Build configuration list for PBXProject "SuiteLife" */;
			compatibilityVersion = "Xcode 3.2";
			developmentRegion = English;
			hasScannedForEncodings = 0;
			knownRegions = (
				en,
				Base,
			);
			mainGroup = CB577BD01EEF4AA700903EE9;
			productRefGroup = CB577BDA1EEF4AA700903EE9 /* Products */;
			projectDirPath = "";
			projectRoot = "";
			targets = (
				CB577BD81EEF4AA700903EE9 /* SuiteLife */,
			);
		};
/* End PBXProject section */

/* Begin PBXResourcesBuildPhase section */
		CB577BD71EEF4AA700903EE9 /* Resources */ = {
			isa = PBXResourcesBuildPhase;
			buildActionMask = 2147483647;
			files = (
				CB453EBD1F0EFAF700F56C36 /* oie_fS0SIrOjqtL3.png in Resources */,
				CB577BE71EEF4AA700903EE9 /* LaunchScreen.storyboard in Resources */,
				CBA239E91F01796400006155 /* GoogleService-Info.plist in Resources */,
				CB577BE41EEF4AA700903EE9 /* Assets.xcassets in Resources */,
				CB577BE21EEF4AA700903EE9 /* Main.storyboard in Resources */,
			);
			runOnlyForDeploymentPostprocessing = 0;
		};
/* End PBXResourcesBuildPhase section */

/* Begin PBXShellScriptBuildPhase section */
		2F42DF1B84331E9C0C338DA0 /* [CP] Embed Pods Frameworks */ = {
			isa = PBXShellScriptBuildPhase;
			buildActionMask = 2147483647;
			files = (
			);
			inputPaths = (
			);
			name = "[CP] Embed Pods Frameworks";
			outputPaths = (
			);
			runOnlyForDeploymentPostprocessing = 0;
			shellPath = /bin/sh;
			shellScript = "\"${SRCROOT}/Pods/Target Support Files/Pods-SuiteLife/Pods-SuiteLife-frameworks.sh\"\n";
			showEnvVarsInLog = 0;
		};
		92FC6A34D3117051B3C99BC1 /* [CP] Copy Pods Resources */ = {
			isa = PBXShellScriptBuildPhase;
			buildActionMask = 2147483647;
			files = (
			);
			inputPaths = (
			);
			name = "[CP] Copy Pods Resources";
			outputPaths = (
			);
			runOnlyForDeploymentPostprocessing = 0;
			shellPath = /bin/sh;
			shellScript = "\"${SRCROOT}/Pods/Target Support Files/Pods-SuiteLife/Pods-SuiteLife-resources.sh\"\n";
			showEnvVarsInLog = 0;
		};
		E67BC4C2CF69A0F80943169F /* [CP] Check Pods Manifest.lock */ = {
			isa = PBXShellScriptBuildPhase;
			buildActionMask = 2147483647;
			files = (
			);
			inputPaths = (
			);
			name = "[CP] Check Pods Manifest.lock";
			outputPaths = (
			);
			runOnlyForDeploymentPostprocessing = 0;
			shellPath = /bin/sh;
			shellScript = "diff \"${PODS_PODFILE_DIR_PATH}/Podfile.lock\" \"${PODS_ROOT}/Manifest.lock\" > /dev/null\nif [ $? != 0 ] ; then\n    # print error to STDERR\n    echo \"error: The sandbox is not in sync with the Podfile.lock. Run 'pod install' or update your CocoaPods installation.\" >&2\n    exit 1\nfi\n";
			showEnvVarsInLog = 0;
		};
/* End PBXShellScriptBuildPhase section */

/* Begin PBXSourcesBuildPhase section */
		CB577BD51EEF4AA700903EE9 /* Sources */ = {
			isa = PBXSourcesBuildPhase;
			buildActionMask = 2147483647;
			files = (
				CB24CEC41F06EF800044044C /* EditGroupViewController.swift in Sources */,
				CB3C90361F13E50200CA8520 /* ScanViewController.swift in Sources */,
				CB573A401EF99DB600ECCFDA /* ListPantryDataModel.swift in Sources */,
				CB44B9DF1EF1A5380063D9EE /* ListPantryTabViewController.swift in Sources */,
				CBA5CCFC1F0D84F8003FEFB9 /* Group.swift in Sources */,
				CB728E681EF0B10400F76321 /* PantryTableViewCell.swift in Sources */,
				CBA5CCFA1F0D83B2003FEFB9 /* GroupsViewController.swift in Sources */,
				CB43B6FD1F05A34D00C0A46F /* FetchUserTableViewController.swift in Sources */,
				CB276F7E1EFC741B00BB3120 /* IOUViewController.swift in Sources */,
				CBA239ED1F01C1E000006155 /* EditSinglePropertyTableViewController.swift in Sources */,
				CB309D6A1F0EEF7200C1DC72 /* DebtHelper.swift in Sources */,
				CB11F81D1F045856006A449B /* EditArrayOfPropertiesViewController.swift in Sources */,
				CB499B3B1EF84B8A00B60AC3 /* SignInViewController.swift in Sources */,
				CB499B3D1EF8637400B60AC3 /* SettingsTableViewController.swift in Sources */,
				CB728E5A1EF05D5300F76321 /* Item.swift in Sources */,
				CB749F1D1F14243100227E07 /* NewAccountViewController.swift in Sources */,
				CB1633151EFDCA1B00533D59 /* IOUTableViewCell.swift in Sources */,
				CB43B6FF1F05A3A900C0A46F /* UserNameAndHandleTableViewCell.swift in Sources */,
				CB43B7031F05AADC00C0A46F /* FetchUserInputTableViewCell.swift in Sources */,
				CB1633131EFDC89E00533D59 /* User.swift in Sources */,
				CB728E661EF0A7DE00F76321 /* ListPantryViewController.swift in Sources */,
				CB6E04841F06B3A30056C0A7 /* SearchUsersViewController.swift in Sources */,
				CB3B42D71EF84ABD0006B9F4 /* Money.swift in Sources */,
				CB44B9DB1EF19EE10063D9EE /* InventoryTableViewCell.swift in Sources */,
				CB1633111EFDB56E00533D59 /* PriceHelper.swift in Sources */,
				CB44B9D91EF19C1F0063D9EE /* InventoryTableViewController.swift in Sources */,
				CBC25F481EF499E400BAF68C /* BarcodeScannerViewController.swift in Sources */,
				CB4B7A8A1F040F5000C41DB2 /* PantryDataModel.swift in Sources */,
				CBA5CCFE1F0D9237003FEFB9 /* GroupsTableViewCell.swift in Sources */,
				CB577BDD1EEF4AA700903EE9 /* AppDelegate.swift in Sources */,
				CB43B7011F05A5E300C0A46F /* UserWithCash.swift in Sources */,
				CB728E6A1EF0B12000F76321 /* PantryTableViewController.swift in Sources */,
			);
			runOnlyForDeploymentPostprocessing = 0;
		};
/* End PBXSourcesBuildPhase section */

/* Begin PBXVariantGroup section */
		CB577BE01EEF4AA700903EE9 /* Main.storyboard */ = {
			isa = PBXVariantGroup;
			children = (
				CB577BE11EEF4AA700903EE9 /* Base */,
			);
			name = Main.storyboard;
			sourceTree = "<group>";
		};
		CB577BE51EEF4AA700903EE9 /* LaunchScreen.storyboard */ = {
			isa = PBXVariantGroup;
			children = (
				CB577BE61EEF4AA700903EE9 /* Base */,
			);
			name = LaunchScreen.storyboard;
			sourceTree = "<group>";
		};
/* End PBXVariantGroup section */

/* Begin XCBuildConfiguration section */
		CB577BE91EEF4AA700903EE9 /* Debug */ = {
			isa = XCBuildConfiguration;
			buildSettings = {
				ALWAYS_SEARCH_USER_PATHS = NO;
				CLANG_ANALYZER_NONNULL = YES;
				CLANG_ANALYZER_NUMBER_OBJECT_CONVERSION = YES_AGGRESSIVE;
				CLANG_CXX_LANGUAGE_STANDARD = "gnu++0x";
				CLANG_CXX_LIBRARY = "libc++";
				CLANG_ENABLE_MODULES = YES;
				CLANG_ENABLE_OBJC_ARC = YES;
				CLANG_WARN_BOOL_CONVERSION = YES;
				CLANG_WARN_CONSTANT_CONVERSION = YES;
				CLANG_WARN_DIRECT_OBJC_ISA_USAGE = YES_ERROR;
				CLANG_WARN_DOCUMENTATION_COMMENTS = YES;
				CLANG_WARN_EMPTY_BODY = YES;
				CLANG_WARN_ENUM_CONVERSION = YES;
				CLANG_WARN_INFINITE_RECURSION = YES;
				CLANG_WARN_INT_CONVERSION = YES;
				CLANG_WARN_OBJC_ROOT_CLASS = YES_ERROR;
				CLANG_WARN_SUSPICIOUS_MOVE = YES;
				CLANG_WARN_UNREACHABLE_CODE = YES;
				CLANG_WARN__DUPLICATE_METHOD_MATCH = YES;
				"CODE_SIGN_IDENTITY[sdk=iphoneos*]" = "iPhone Developer";
				COPY_PHASE_STRIP = NO;
				DEBUG_INFORMATION_FORMAT = dwarf;
				ENABLE_STRICT_OBJC_MSGSEND = YES;
				ENABLE_TESTABILITY = YES;
				GCC_C_LANGUAGE_STANDARD = gnu99;
				GCC_DYNAMIC_NO_PIC = NO;
				GCC_NO_COMMON_BLOCKS = YES;
				GCC_OPTIMIZATION_LEVEL = 0;
				GCC_PREPROCESSOR_DEFINITIONS = (
					"DEBUG=1",
					"$(inherited)",
				);
				GCC_WARN_64_TO_32_BIT_CONVERSION = YES;
				GCC_WARN_ABOUT_RETURN_TYPE = YES_ERROR;
				GCC_WARN_UNDECLARED_SELECTOR = YES;
				GCC_WARN_UNINITIALIZED_AUTOS = YES_AGGRESSIVE;
				GCC_WARN_UNUSED_FUNCTION = YES;
				GCC_WARN_UNUSED_VARIABLE = YES;
				IPHONEOS_DEPLOYMENT_TARGET = 10.3;
				MTL_ENABLE_DEBUG_INFO = YES;
				ONLY_ACTIVE_ARCH = YES;
				SDKROOT = iphoneos;
				SWIFT_ACTIVE_COMPILATION_CONDITIONS = DEBUG;
				SWIFT_OPTIMIZATION_LEVEL = "-Onone";
				TARGETED_DEVICE_FAMILY = "1,2";
			};
			name = Debug;
		};
		CB577BEA1EEF4AA700903EE9 /* Release */ = {
			isa = XCBuildConfiguration;
			buildSettings = {
				ALWAYS_SEARCH_USER_PATHS = NO;
				CLANG_ANALYZER_NONNULL = YES;
				CLANG_ANALYZER_NUMBER_OBJECT_CONVERSION = YES_AGGRESSIVE;
				CLANG_CXX_LANGUAGE_STANDARD = "gnu++0x";
				CLANG_CXX_LIBRARY = "libc++";
				CLANG_ENABLE_MODULES = YES;
				CLANG_ENABLE_OBJC_ARC = YES;
				CLANG_WARN_BOOL_CONVERSION = YES;
				CLANG_WARN_CONSTANT_CONVERSION = YES;
				CLANG_WARN_DIRECT_OBJC_ISA_USAGE = YES_ERROR;
				CLANG_WARN_DOCUMENTATION_COMMENTS = YES;
				CLANG_WARN_EMPTY_BODY = YES;
				CLANG_WARN_ENUM_CONVERSION = YES;
				CLANG_WARN_INFINITE_RECURSION = YES;
				CLANG_WARN_INT_CONVERSION = YES;
				CLANG_WARN_OBJC_ROOT_CLASS = YES_ERROR;
				CLANG_WARN_SUSPICIOUS_MOVE = YES;
				CLANG_WARN_UNREACHABLE_CODE = YES;
				CLANG_WARN__DUPLICATE_METHOD_MATCH = YES;
				"CODE_SIGN_IDENTITY[sdk=iphoneos*]" = "iPhone Developer";
				COPY_PHASE_STRIP = NO;
				DEBUG_INFORMATION_FORMAT = "dwarf-with-dsym";
				ENABLE_NS_ASSERTIONS = NO;
				ENABLE_STRICT_OBJC_MSGSEND = YES;
				GCC_C_LANGUAGE_STANDARD = gnu99;
				GCC_NO_COMMON_BLOCKS = YES;
				GCC_WARN_64_TO_32_BIT_CONVERSION = YES;
				GCC_WARN_ABOUT_RETURN_TYPE = YES_ERROR;
				GCC_WARN_UNDECLARED_SELECTOR = YES;
				GCC_WARN_UNINITIALIZED_AUTOS = YES_AGGRESSIVE;
				GCC_WARN_UNUSED_FUNCTION = YES;
				GCC_WARN_UNUSED_VARIABLE = YES;
				IPHONEOS_DEPLOYMENT_TARGET = 10.3;
				MTL_ENABLE_DEBUG_INFO = NO;
				SDKROOT = iphoneos;
				SWIFT_OPTIMIZATION_LEVEL = "-Owholemodule";
				TARGETED_DEVICE_FAMILY = "1,2";
				VALIDATE_PRODUCT = YES;
			};
			name = Release;
		};
		CB577BEC1EEF4AA700903EE9 /* Debug */ = {
			isa = XCBuildConfiguration;
			baseConfigurationReference = 458A92D14D03CA1FBF9E629C /* Pods-SuiteLife.debug.xcconfig */;
			buildSettings = {
				ASSETCATALOG_COMPILER_APPICON_NAME = AppIcon;
				"CODE_SIGN_IDENTITY[sdk=iphoneos*]" = "iPhone Developer";
				DEVELOPMENT_TEAM = 66W5UQXAS2;
				INFOPLIST_FILE = SuiteLife/Info.plist;
				IPHONEOS_DEPLOYMENT_TARGET = 10.2;
				LD_RUNPATH_SEARCH_PATHS = "$(inherited) @executable_path/Frameworks";
				PRODUCT_BUNDLE_IDENTIFIER = com.cssummer17.SuiteLife;
				PRODUCT_NAME = "$(TARGET_NAME)";
				PROVISIONING_PROFILE_SPECIFIER = "";
				SWIFT_OBJC_BRIDGING_HEADER = "SuiteLife/SuiteLife-Bridging-Header.h";
				SWIFT_VERSION = 3.0;
			};
			name = Debug;
		};
		CB577BED1EEF4AA700903EE9 /* Release */ = {
			isa = XCBuildConfiguration;
			baseConfigurationReference = 817DFD56C089B6817A8880F0 /* Pods-SuiteLife.release.xcconfig */;
			buildSettings = {
				ASSETCATALOG_COMPILER_APPICON_NAME = AppIcon;
				"CODE_SIGN_IDENTITY[sdk=iphoneos*]" = "iPhone Developer";
				DEVELOPMENT_TEAM = 66W5UQXAS2;
				INFOPLIST_FILE = SuiteLife/Info.plist;
				IPHONEOS_DEPLOYMENT_TARGET = 10.2;
				LD_RUNPATH_SEARCH_PATHS = "$(inherited) @executable_path/Frameworks";
				PRODUCT_BUNDLE_IDENTIFIER = com.cssummer17.SuiteLife;
				PRODUCT_NAME = "$(TARGET_NAME)";
				PROVISIONING_PROFILE_SPECIFIER = "";
				SWIFT_OBJC_BRIDGING_HEADER = "SuiteLife/SuiteLife-Bridging-Header.h";
				SWIFT_VERSION = 3.0;
			};
			name = Release;
		};
/* End XCBuildConfiguration section */

/* Begin XCConfigurationList section */
		CB577BD41EEF4AA700903EE9 /* Build configuration list for PBXProject "SuiteLife" */ = {
			isa = XCConfigurationList;
			buildConfigurations = (
				CB577BE91EEF4AA700903EE9 /* Debug */,
				CB577BEA1EEF4AA700903EE9 /* Release */,
			);
			defaultConfigurationIsVisible = 0;
			defaultConfigurationName = Release;
		};
		CB577BEB1EEF4AA700903EE9 /* Build configuration list for PBXNativeTarget "SuiteLife" */ = {
			isa = XCConfigurationList;
			buildConfigurations = (
				CB577BEC1EEF4AA700903EE9 /* Debug */,
				CB577BED1EEF4AA700903EE9 /* Release */,
			);
			defaultConfigurationIsVisible = 0;
			defaultConfigurationName = Release;
		};
/* End XCConfigurationList section */
	};
	rootObject = CB577BD11EEF4AA700903EE9 /* Project object */;
}
